
Microsoft Visual Studio Solution File, Format Version 12.00
# Visual Studio Version 16
VisualStudioVersion = 16.0.29025.244
MinimumVisualStudioVersion = 10.0.40219.1
Project("{FAE04EC0-301F-11D3-BF4B-00C04F79EFBC}") = "Component_A_ClassLibrary", "Component_A_ClassLibrary\Component_A_ClassLibrary.csproj", "{F5196B04-C896-4418-A8A1-0B012B7564C0}"
EndProject
Project("{FAE04EC0-301F-11D3-BF4B-00C04F79EFBC}") = "AdminForm", "LoginForm\AdminForm.csproj", "{8FABBBA3-AD9F-4662-913B-012BD5292A5D}"
EndProject
Global
	GlobalSection(SolutionConfigurationPlatforms) = preSolution
		Debug|Any CPU = Debug|Any CPU
		Release|Any CPU = Release|Any CPU
	EndGlobalSection
	GlobalSection(ProjectConfigurationPlatforms) = postSolution
		{F5196B04-C896-4418-A8A1-0B012B7564C0}.Debug|Any CPU.ActiveCfg = Debug|Any CPU
		{F5196B04-C896-4418-A8A1-0B012B7564C0}.Debug|Any CPU.Build.0 = Debug|Any CPU
		{F5196B04-C896-4418-A8A1-0B012B7564C0}.Release|Any CPU.ActiveCfg = Release|Any CPU
		{F5196B04-C896-4418-A8A1-0B012B7564C0}.Release|Any CPU.Build.0 = Release|Any CPU
		{8FABBBA3-AD9F-4662-913B-012BD5292A5D}.Debug|Any CPU.ActiveCfg = Debug|Any CPU
		{8FABBBA3-AD9F-4662-913B-012BD5292A5D}.Debug|Any CPU.Build.0 = Debug|Any CPU
		{8FABBBA3-AD9F-4662-913B-012BD5292A5D}.Release|Any CPU.ActiveCfg = Release|Any CPU
		{8FABBBA3-AD9F-4662-913B-012BD5292A5D}.Release|Any CPU.Build.0 = Release|Any CPU
	EndGlobalSection
	GlobalSection(SolutionProperties) = preSolution
		HideSolutionNode = FALSE
	EndGlobalSection
	GlobalSection(ExtensibilityGlobals) = postSolution
		SolutionGuid = {8A6A7EE9-994E-40AE-9243-108D31883E8E}
	EndGlobalSection
EndGlobal
